
Microsoft Visual Studio Solution File, Format Version 12.00
# Visual Studio Version 16
VisualStudioVersion = 16.0.29102.190
MinimumVisualStudioVersion = 10.0.40219.1
Project("{9A19103F-16F7-4668-BE54-9A1E7A4F7556}") = "Aksl.Data", "..\..\Aksl.Data\Aksl.Data.csproj", "{084611EE-D2D0-4127-855C-3CE4518DEF37}"
EndProject
Project("{9A19103F-16F7-4668-BE54-9A1E7A4F7556}") = "Aksl.Core", "..\..\Aksl.Core\Aksl.Core.csproj", "{38AF8B76-2486-47ED-A258-FF1F6E46886E}"
EndProject
Project("{2150E333-8FDC-42A3-9474-1A3956D46DE8}") = "Contoso", "Contoso", "{75B1677E-4851-4160-816C-5D22EF6885DF}"
EndProject
Project("{9A19103F-16F7-4668-BE54-9A1E7A4F7556}") = "Contoso.Domain", "Contoso.Domain\Contoso.Domain.csproj", "{6F71F298-B492-4BB3-A6DC-B2F030469D60}"
EndProject
Project("{9A19103F-16F7-4668-BE54-9A1E7A4F7556}") = "Contoso.Infrastructure.Data", "Contoso.Infrastructure.Data\Contoso.Infrastructure.Data.csproj", "{672B54BF-B111-4F22-974F-6495908C654F}"
EndProject
Project("{9A19103F-16F7-4668-BE54-9A1E7A4F7556}") = "Contoso.DataSource", "Contoso.DataSource\Contoso.DataSource.csproj", "{F6E06BD0-947A-48A2-87F2-F36C18E911D4}"
EndProject
Project("{2150E333-8FDC-42A3-9474-1A3956D46DE8}") = "Sdk", "Sdk", "{18E0191E-31DE-472E-93A2-F5EF791D54E3}"
EndProject
Project("{9A19103F-16F7-4668-BE54-9A1E7A4F7556}") = "Aksl.BulkInsert", "..\Sdk\Aksl.BulkInsert\Aksl.BulkInsert.csproj", "{AE8F4DC2-9CF4-499A-8FC6-5CFBC7C2684A}"
EndProject
Project("{9A19103F-16F7-4668-BE54-9A1E7A4F7556}") = "Aksl.Concurrency", "..\..\Aksl.Concurrency\Sdk\Aksl.Concurrency\Aksl.Concurrency.csproj", "{6C9205D1-4714-44A2-A9BA-ED1C7DF8F927}"
EndProject
Project("{9A19103F-16F7-4668-BE54-9A1E7A4F7556}") = "Aksl.Pipeline", "..\..\Aksl.Pipeline\Aksl.Pipeline.csproj", "{1F24BDE3-8930-49F0-A3E4-83C0C76292B2}"
EndProject
Project("{9A19103F-16F7-4668-BE54-9A1E7A4F7556}") = "Contoso.Api", "Contoso.Api\Contoso.Api.csproj", "{8AFC6545-D361-4D71-B1D5-81F0FC38D2B5}"
EndProject
Global
	GlobalSection(SolutionConfigurationPlatforms) = preSolution
		Debug|Any CPU = Debug|Any CPU
		Debug|x86 = Debug|x86
		Release|Any CPU = Release|Any CPU
		Release|x86 = Release|x86
	EndGlobalSection
	GlobalSection(ProjectConfigurationPlatforms) = postSolution
		{084611EE-D2D0-4127-855C-3CE4518DEF37}.Debug|Any CPU.ActiveCfg = Debug|Any CPU
		{084611EE-D2D0-4127-855C-3CE4518DEF37}.Debug|Any CPU.Build.0 = Debug|Any CPU
		{084611EE-D2D0-4127-855C-3CE4518DEF37}.Debug|x86.ActiveCfg = Debug|Any CPU
		{084611EE-D2D0-4127-855C-3CE4518DEF37}.Debug|x86.Build.0 = Debug|Any CPU
		{084611EE-D2D0-4127-855C-3CE4518DEF37}.Release|Any CPU.ActiveCfg = Release|Any CPU
		{084611EE-D2D0-4127-855C-3CE4518DEF37}.Release|Any CPU.Build.0 = Release|Any CPU
		{084611EE-D2D0-4127-855C-3CE4518DEF37}.Release|x86.ActiveCfg = Release|Any CPU
		{084611EE-D2D0-4127-855C-3CE4518DEF37}.Release|x86.Build.0 = Release|Any CPU
		{38AF8B76-2486-47ED-A258-FF1F6E46886E}.Debug|Any CPU.ActiveCfg = Debug|Any CPU
		{38AF8B76-2486-47ED-A258-FF1F6E46886E}.Debug|Any CPU.Build.0 = Debug|Any CPU
		{38AF8B76-2486-47ED-A258-FF1F6E46886E}.Debug|x86.ActiveCfg = Debug|x86
		{38AF8B76-2486-47ED-A258-FF1F6E46886E}.Debug|x86.Build.0 = Debug|x86
		{38AF8B76-2486-47ED-A258-FF1F6E46886E}.Release|Any CPU.ActiveCfg = Release|Any CPU
		{38AF8B76-2486-47ED-A258-FF1F6E46886E}.Release|Any CPU.Build.0 = Release|Any CPU
		{38AF8B76-2486-47ED-A258-FF1F6E46886E}.Release|x86.ActiveCfg = Release|x86
		{38AF8B76-2486-47ED-A258-FF1F6E46886E}.Release|x86.Build.0 = Release|x86
		{6F71F298-B492-4BB3-A6DC-B2F030469D60}.Debug|Any CPU.ActiveCfg = Debug|Any CPU
		{6F71F298-B492-4BB3-A6DC-B2F030469D60}.Debug|Any CPU.Build.0 = Debug|Any CPU
		{6F71F298-B492-4BB3-A6DC-B2F030469D60}.Debug|x86.ActiveCfg = Debug|Any CPU
		{6F71F298-B492-4BB3-A6DC-B2F030469D60}.Debug|x86.Build.0 = Debug|Any CPU
		{6F71F298-B492-4BB3-A6DC-B2F030469D60}.Release|Any CPU.ActiveCfg = Release|Any CPU
		{6F71F298-B492-4BB3-A6DC-B2F030469D60}.Release|Any CPU.Build.0 = Release|Any CPU
		{6F71F298-B492-4BB3-A6DC-B2F030469D60}.Release|x86.ActiveCfg = Release|Any CPU
		{6F71F298-B492-4BB3-A6DC-B2F030469D60}.Release|x86.Build.0 = Release|Any CPU
		{672B54BF-B111-4F22-974F-6495908C654F}.Debug|Any CPU.ActiveCfg = Debug|Any CPU
		{672B54BF-B111-4F22-974F-6495908C654F}.Debug|Any CPU.Build.0 = Debug|Any CPU
		{672B54BF-B111-4F22-974F-6495908C654F}.Debug|x86.ActiveCfg = Debug|Any CPU
		{672B54BF-B111-4F22-974F-6495908C654F}.Debug|x86.Build.0 = Debug|Any CPU
		{672B54BF-B111-4F22-974F-6495908C654F}.Release|Any CPU.ActiveCfg = Release|Any CPU
		{672B54BF-B111-4F22-974F-6495908C654F}.Release|Any CPU.Build.0 = Release|Any CPU
		{672B54BF-B111-4F22-974F-6495908C654F}.Release|x86.ActiveCfg = Release|Any CPU
		{672B54BF-B111-4F22-974F-6495908C654F}.Release|x86.Build.0 = Release|Any CPU
		{F6E06BD0-947A-48A2-87F2-F36C18E911D4}.Debug|Any CPU.ActiveCfg = Debug|Any CPU
		{F6E06BD0-947A-48A2-87F2-F36C18E911D4}.Debug|Any CPU.Build.0 = Debug|Any CPU
		{F6E06BD0-947A-48A2-87F2-F36C18E911D4}.Debug|x86.ActiveCfg = Debug|Any CPU
		{F6E06BD0-947A-48A2-87F2-F36C18E911D4}.Debug|x86.Build.0 = Debug|Any CPU
		{F6E06BD0-947A-48A2-87F2-F36C18E911D4}.Release|Any CPU.ActiveCfg = Release|Any CPU
		{F6E06BD0-947A-48A2-87F2-F36C18E911D4}.Release|Any CPU.Build.0 = Release|Any CPU
		{F6E06BD0-947A-48A2-87F2-F36C18E911D4}.Release|x86.ActiveCfg = Release|Any CPU
		{F6E06BD0-947A-48A2-87F2-F36C18E911D4}.Release|x86.Build.0 = Release|Any CPU
		{AE8F4DC2-9CF4-499A-8FC6-5CFBC7C2684A}.Debug|Any CPU.ActiveCfg = Debug|Any CPU
		{AE8F4DC2-9CF4-499A-8FC6-5CFBC7C2684A}.Debug|Any CPU.Build.0 = Debug|Any CPU
		{AE8F4DC2-9CF4-499A-8FC6-5CFBC7C2684A}.Debug|x86.ActiveCfg = Debug|Any CPU
		{AE8F4DC2-9CF4-499A-8FC6-5CFBC7C2684A}.Debug|x86.Build.0 = Debug|Any CPU
		{AE8F4DC2-9CF4-499A-8FC6-5CFBC7C2684A}.Release|Any CPU.ActiveCfg = Release|Any CPU
		{AE8F4DC2-9CF4-499A-8FC6-5CFBC7C2684A}.Release|Any CPU.Build.0 = Release|Any CPU
		{AE8F4DC2-9CF4-499A-8FC6-5CFBC7C2684A}.Release|x86.ActiveCfg = Release|Any CPU
		{AE8F4DC2-9CF4-499A-8FC6-5CFBC7C2684A}.Release|x86.Build.0 = Release|Any CPU
		{6C9205D1-4714-44A2-A9BA-ED1C7DF8F927}.Debug|Any CPU.ActiveCfg = Debug|Any CPU
		{6C9205D1-4714-44A2-A9BA-ED1C7DF8F927}.Debug|Any CPU.Build.0 = Debug|Any CPU
		{6C9205D1-4714-44A2-A9BA-ED1C7DF8F927}.Debug|x86.ActiveCfg = Debug|x86
		{6C9205D1-4714-44A2-A9BA-ED1C7DF8F927}.Debug|x86.Build.0 = Debug|x86
		{6C9205D1-4714-44A2-A9BA-ED1C7DF8F927}.Release|Any CPU.ActiveCfg = Release|Any CPU
		{6C9205D1-4714-44A2-A9BA-ED1C7DF8F927}.Release|Any CPU.Build.0 = Release|Any CPU
		{6C9205D1-4714-44A2-A9BA-ED1C7DF8F927}.Release|x86.ActiveCfg = Release|x86
		{6C9205D1-4714-44A2-A9BA-ED1C7DF8F927}.Release|x86.Build.0 = Release|x86
		{1F24BDE3-8930-49F0-A3E4-83C0C76292B2}.Debug|Any CPU.ActiveCfg = Debug|Any CPU
		{1F24BDE3-8930-49F0-A3E4-83C0C76292B2}.Debug|Any CPU.Build.0 = Debug|Any CPU
		{1F24BDE3-8930-49F0-A3E4-83C0C76292B2}.Debug|x86.ActiveCfg = Debug|x86
		{1F24BDE3-8930-49F0-A3E4-83C0C76292B2}.Debug|x86.Build.0 = Debug|x86
		{1F24BDE3-8930-49F0-A3E4-83C0C76292B2}.Release|Any CPU.ActiveCfg = Release|Any CPU
		{1F24BDE3-8930-49F0-A3E4-83C0C76292B2}.Release|Any CPU.Build.0 = Release|Any CPU
		{1F24BDE3-8930-49F0-A3E4-83C0C76292B2}.Release|x86.ActiveCfg = Release|x86
		{1F24BDE3-8930-49F0-A3E4-83C0C76292B2}.Release|x86.Build.0 = Release|x86
		{8AFC6545-D361-4D71-B1D5-81F0FC38D2B5}.Debug|Any CPU.ActiveCfg = Debug|Any CPU
		{8AFC6545-D361-4D71-B1D5-81F0FC38D2B5}.Debug|Any CPU.Build.0 = Debug|Any CPU
		{8AFC6545-D361-4D71-B1D5-81F0FC38D2B5}.Debug|x86.ActiveCfg = Debug|Any CPU
		{8AFC6545-D361-4D71-B1D5-81F0FC38D2B5}.Debug|x86.Build.0 = Debug|Any CPU
		{8AFC6545-D361-4D71-B1D5-81F0FC38D2B5}.Release|Any CPU.ActiveCfg = Release|Any CPU
		{8AFC6545-D361-4D71-B1D5-81F0FC38D2B5}.Release|Any CPU.Build.0 = Release|Any CPU
		{8AFC6545-D361-4D71-B1D5-81F0FC38D2B5}.Release|x86.ActiveCfg = Release|Any CPU
		{8AFC6545-D361-4D71-B1D5-81F0FC38D2B5}.Release|x86.Build.0 = Release|Any CPU
	EndGlobalSection
	GlobalSection(SolutionProperties) = preSolution
		HideSolutionNode = FALSE
	EndGlobalSection
	GlobalSection(NestedProjects) = preSolution
		{084611EE-D2D0-4127-855C-3CE4518DEF37} = {18E0191E-31DE-472E-93A2-F5EF791D54E3}
		{38AF8B76-2486-47ED-A258-FF1F6E46886E} = {18E0191E-31DE-472E-93A2-F5EF791D54E3}
		{6F71F298-B492-4BB3-A6DC-B2F030469D60} = {75B1677E-4851-4160-816C-5D22EF6885DF}
		{672B54BF-B111-4F22-974F-6495908C654F} = {75B1677E-4851-4160-816C-5D22EF6885DF}
		{F6E06BD0-947A-48A2-87F2-F36C18E911D4} = {75B1677E-4851-4160-816C-5D22EF6885DF}
		{AE8F4DC2-9CF4-499A-8FC6-5CFBC7C2684A} = {18E0191E-31DE-472E-93A2-F5EF791D54E3}
		{6C9205D1-4714-44A2-A9BA-ED1C7DF8F927} = {18E0191E-31DE-472E-93A2-F5EF791D54E3}
		{1F24BDE3-8930-49F0-A3E4-83C0C76292B2} = {18E0191E-31DE-472E-93A2-F5EF791D54E3}
		{8AFC6545-D361-4D71-B1D5-81F0FC38D2B5} = {75B1677E-4851-4160-816C-5D22EF6885DF}
	EndGlobalSection
	GlobalSection(ExtensibilityGlobals) = postSolution
		SolutionGuid = {460756AD-EE86-4A4D-90D6-670DBBF6DF50}
	EndGlobalSection
EndGlobal
